
Microsoft Visual Studio Solution File, Format Version 12.00
# Visual Studio Version 16
VisualStudioVersion = 16.0.28803.452
MinimumVisualStudioVersion = 10.0.40219.1
Project("{FAE04EC0-301F-11D3-BF4B-00C04F79EFBC}") = "PastelWeekendTask", "PastelWeekendTask\PastelWeekendTask.csproj", "{ED5F4555-6522-466F-8BA3-0102D88B5ECE}"
EndProject
Global
	GlobalSection(SolutionConfigurationPlatforms) = preSolution
		Debug|Any CPU = Debug|Any CPU
		Release|Any CPU = Release|Any CPU
	EndGlobalSection
	GlobalSection(ProjectConfigurationPlatforms) = postSolution
		{ED5F4555-6522-466F-8BA3-0102D88B5ECE}.Debug|Any CPU.ActiveCfg = Debug|Any CPU
		{ED5F4555-6522-466F-8BA3-0102D88B5ECE}.Debug|Any CPU.Build.0 = Debug|Any CPU
		{ED5F4555-6522-466F-8BA3-0102D88B5ECE}.Release|Any CPU.ActiveCfg = Release|Any CPU
		{ED5F4555-6522-466F-8BA3-0102D88B5ECE}.Release|Any CPU.Build.0 = Release|Any CPU
	EndGlobalSection
	GlobalSection(SolutionProperties) = preSolution
		HideSolutionNode = FALSE
	EndGlobalSection
	GlobalSection(ExtensibilityGlobals) = postSolution
		SolutionGuid = {81A42ECE-CDD9-43B3-8F64-0AE3EBF5F1DC}
	EndGlobalSection
EndGlobal
